
Microsoft Visual Studio Solution File, Format Version 12.00
# Visual Studio Version 16
VisualStudioVersion = 16.0.32228.343
MinimumVisualStudioVersion = 10.0.40219.1
Project("{9A19103F-16F7-4668-BE54-9A1E7A4F7556}") = "Asv.Common", "Asv.Common\Asv.Common.csproj", "{9201371F-FB8A-419F-A539-78D1603558D3}"
EndProject
Project("{9A19103F-16F7-4668-BE54-9A1E7A4F7556}") = "Asv.Common.Test", "Asv.Common.Test\Asv.Common.Test.csproj", "{0E0409AB-7C81-4482-A2C8-F1FC0194AC3D}"
EndProject
Project("{9A19103F-16F7-4668-BE54-9A1E7A4F7556}") = "Asv.IO", "Asv.IO\Asv.IO.csproj", "{C245A34B-7522-4896-B9C4-CD71A15CEF89}"
EndProject
Project("{9A19103F-16F7-4668-BE54-9A1E7A4F7556}") = "Asv.IO.Test", "Asv.IO.Test\Asv.IO.Test.csproj", "{4A91AB7C-CA76-40D1-BB65-46BAAA368BD2}"
EndProject
Project("{9A19103F-16F7-4668-BE54-9A1E7A4F7556}") = "Asv.Cfg", "Asv.Cfg\Asv.Cfg.csproj", "{B2D50D13-1B55-418B-BDDC-0CB8D9E9BDD1}"
EndProject
Project("{FAE04EC0-301F-11D3-BF4B-00C04F79EFBC}") = "Asv.Store", "Asv.Store\Asv.Store.csproj", "{555E2B5F-1453-4C7B-BF04-115B0C3AAB12}"
EndProject
Project("{FAE04EC0-301F-11D3-BF4B-00C04F79EFBC}") = "Asv.Cfg.Test", "Asv.Cfg.Test\Asv.Cfg.Test.csproj", "{F12AA26E-7252-4A9E-8683-4EE6D2F4E343}"
EndProject
Project("{FAE04EC0-301F-11D3-BF4B-00C04F79EFBC}") = "Asv.Store.Test", "Asv.Store.Test\Asv.Store.Test.csproj", "{27A7A16B-85D0-4FAE-B8E3-3B25240360DC}"
EndProject
Project("{2150E333-8FDC-42A3-9474-1A3956D46DE8}") = "Solution Items", "Solution Items", "{3703EC40-F09D-4C29-8269-1D5FBCEA543C}"
	ProjectSection(SolutionItems) = preProject
		..\.gitignore = ..\.gitignore
		..\build.bat = ..\build.bat
		..\LICENSE = ..\LICENSE
		..\publish_nuget.bat = ..\publish_nuget.bat
		..\README.md = ..\README.md
		..\publish_github.bat = ..\publish_github.bat
		Directory.Build.props = Directory.Build.props
	EndProjectSection
EndProject
Global
	GlobalSection(SolutionConfigurationPlatforms) = preSolution
		Debug|Any CPU = Debug|Any CPU
		Release|Any CPU = Release|Any CPU
	EndGlobalSection
	GlobalSection(ProjectConfigurationPlatforms) = postSolution
		{9201371F-FB8A-419F-A539-78D1603558D3}.Debug|Any CPU.ActiveCfg = Debug|Any CPU
		{9201371F-FB8A-419F-A539-78D1603558D3}.Debug|Any CPU.Build.0 = Debug|Any CPU
		{9201371F-FB8A-419F-A539-78D1603558D3}.Release|Any CPU.ActiveCfg = Release|Any CPU
		{9201371F-FB8A-419F-A539-78D1603558D3}.Release|Any CPU.Build.0 = Release|Any CPU
		{0E0409AB-7C81-4482-A2C8-F1FC0194AC3D}.Debug|Any CPU.ActiveCfg = Debug|Any CPU
		{0E0409AB-7C81-4482-A2C8-F1FC0194AC3D}.Debug|Any CPU.Build.0 = Debug|Any CPU
		{0E0409AB-7C81-4482-A2C8-F1FC0194AC3D}.Release|Any CPU.ActiveCfg = Release|Any CPU
		{0E0409AB-7C81-4482-A2C8-F1FC0194AC3D}.Release|Any CPU.Build.0 = Release|Any CPU
		{C245A34B-7522-4896-B9C4-CD71A15CEF89}.Debug|Any CPU.ActiveCfg = Debug|Any CPU
		{C245A34B-7522-4896-B9C4-CD71A15CEF89}.Debug|Any CPU.Build.0 = Debug|Any CPU
		{C245A34B-7522-4896-B9C4-CD71A15CEF89}.Release|Any CPU.ActiveCfg = Release|Any CPU
		{C245A34B-7522-4896-B9C4-CD71A15CEF89}.Release|Any CPU.Build.0 = Release|Any CPU
		{4A91AB7C-CA76-40D1-BB65-46BAAA368BD2}.Debug|Any CPU.ActiveCfg = Debug|Any CPU
		{4A91AB7C-CA76-40D1-BB65-46BAAA368BD2}.Debug|Any CPU.Build.0 = Debug|Any CPU
		{4A91AB7C-CA76-40D1-BB65-46BAAA368BD2}.Release|Any CPU.ActiveCfg = Release|Any CPU
		{4A91AB7C-CA76-40D1-BB65-46BAAA368BD2}.Release|Any CPU.Build.0 = Release|Any CPU
		{B2D50D13-1B55-418B-BDDC-0CB8D9E9BDD1}.Debug|Any CPU.ActiveCfg = Debug|Any CPU
		{B2D50D13-1B55-418B-BDDC-0CB8D9E9BDD1}.Debug|Any CPU.Build.0 = Debug|Any CPU
		{B2D50D13-1B55-418B-BDDC-0CB8D9E9BDD1}.Release|Any CPU.ActiveCfg = Release|Any CPU
		{B2D50D13-1B55-418B-BDDC-0CB8D9E9BDD1}.Release|Any CPU.Build.0 = Release|Any CPU
		{555E2B5F-1453-4C7B-BF04-115B0C3AAB12}.Debug|Any CPU.ActiveCfg = Debug|Any CPU
		{555E2B5F-1453-4C7B-BF04-115B0C3AAB12}.Debug|Any CPU.Build.0 = Debug|Any CPU
		{555E2B5F-1453-4C7B-BF04-115B0C3AAB12}.Release|Any CPU.ActiveCfg = Release|Any CPU
		{555E2B5F-1453-4C7B-BF04-115B0C3AAB12}.Release|Any CPU.Build.0 = Release|Any CPU
		{F12AA26E-7252-4A9E-8683-4EE6D2F4E343}.Debug|Any CPU.ActiveCfg = Debug|Any CPU
		{F12AA26E-7252-4A9E-8683-4EE6D2F4E343}.Debug|Any CPU.Build.0 = Debug|Any CPU
		{F12AA26E-7252-4A9E-8683-4EE6D2F4E343}.Release|Any CPU.ActiveCfg = Release|Any CPU
		{F12AA26E-7252-4A9E-8683-4EE6D2F4E343}.Release|Any CPU.Build.0 = Release|Any CPU
		{27A7A16B-85D0-4FAE-B8E3-3B25240360DC}.Debug|Any CPU.ActiveCfg = Debug|Any CPU
		{27A7A16B-85D0-4FAE-B8E3-3B25240360DC}.Debug|Any CPU.Build.0 = Debug|Any CPU
		{27A7A16B-85D0-4FAE-B8E3-3B25240360DC}.Release|Any CPU.ActiveCfg = Release|Any CPU
		{27A7A16B-85D0-4FAE-B8E3-3B25240360DC}.Release|Any CPU.Build.0 = Release|Any CPU
	EndGlobalSection
	GlobalSection(SolutionProperties) = preSolution
		HideSolutionNode = FALSE
	EndGlobalSection
	GlobalSection(ExtensibilityGlobals) = postSolution
		SolutionGuid = {03511604-5B14-4F7D-B0AF-80467B7C70EE}
	EndGlobalSection
EndGlobal
